
Microsoft Visual Studio Solution File, Format Version 12.00
# Visual Studio Version 17
VisualStudioVersion = 17.14.36511.14 d17.14
MinimumVisualStudioVersion = 10.0.40219.1
Project("{FAE04EC0-301F-11D3-BF4B-00C04F79EFBC}") = "Practice01", "Practice01\Practice01.csproj", "{38F9033F-0AFB-44C4-AFA1-5B6A48D40F89}"
EndProject
Global
	GlobalSection(SolutionConfigurationPlatforms) = preSolution
		Debug|Any CPU = Debug|Any CPU
		Release|Any CPU = Release|Any CPU
	EndGlobalSection
	GlobalSection(ProjectConfigurationPlatforms) = postSolution
		{38F9033F-0AFB-44C4-AFA1-5B6A48D40F89}.Debug|Any CPU.ActiveCfg = Debug|Any CPU
		{38F9033F-0AFB-44C4-AFA1-5B6A48D40F89}.Debug|Any CPU.Build.0 = Debug|Any CPU
		{38F9033F-0AFB-44C4-AFA1-5B6A48D40F89}.Release|Any CPU.ActiveCfg = Release|Any CPU
		{38F9033F-0AFB-44C4-AFA1-5B6A48D40F89}.Release|Any CPU.Build.0 = Release|Any CPU
	EndGlobalSection
	GlobalSection(SolutionProperties) = preSolution
		HideSolutionNode = FALSE
	EndGlobalSection
	GlobalSection(ExtensibilityGlobals) = postSolution
		SolutionGuid = {F27D5E00-F5B0-49EB-8F68-287EBA0F6AED}
	EndGlobalSection
EndGlobal
